{
	"name": "@imooc-night-dev/utils",
	"version": "1.0.2",
	"lockfileVersion": 2,
	"requires": true,
	"packages": {
		"": {
			"name": "@imooc-night-dev/utils",
			"version": "1.0.0",
			"license": "ISC",
			"dependencies": {
				"imooc-night": "^1.0.0"
			}
		},
		"node_modules/imooc-night": {
			"version": "1.0.0",
			"resolved": "https://registry.npmjs.org/imooc-night/-/imooc-night-1.0.0.tgz",
			"integrity": "sha512-+a9V4ZB28kQNFsOqoFoCO3NKvntyPAUdyTB5MmjGXlRHZpncnG5+HKrzUUtDqiTeCuqqmAbAz/ntftxskVt8wA==",
			"bin": {
				"imooc-night": "bin/index.js"
			}
		}
	},
	"dependencies": {
		"imooc-night": {
			"version": "1.0.0",
			"resolved": "https://registry.npmjs.org/imooc-night/-/imooc-night-1.0.0.tgz",
			"integrity": "sha512-+a9V4ZB28kQNFsOqoFoCO3NKvntyPAUdyTB5MmjGXlRHZpncnG5+HKrzUUtDqiTeCuqqmAbAz/ntftxskVt8wA=="
		}
	}
}
