{
  "name": "@imooc-night-dev/exec",
  "version": "1.0.0",
  "lockfileVersion": 2,
  "requires": true,
  "packages": {
    "": {
      "name": "@imooc-night-dev/exec",
      "version": "1.0.0",
      "license": "ISC",
      "dependencies": {
        "@imooc-night-dev/log": "file:../../utils/log",
        "@imooc-night-dev/package": "file:../../models/package"
      }
    },
    "../../models/package": {
      "name": "@imooc-night-dev/package",
      "version": "1.0.0",
      "license": "ISC",
      "dependencies": {
        "@imooc-night-dev/get-npm-info": "file:../../utils/get-npm-info",
        "@imooc-night-dev/log": "file:../../utils/log",
        "@imooc-night-dev/utils": "file:../../utils/utils",
        "fs-extra": "^10.0.0",
        "npminstall": "^4.11.0",
        "path-exists": "4.0.0",
        "pkg-dir": "^4.2.0"
      }
    },
    "../../utils/log": {
      "version": "1.0.3",
      "license": "ISC"
    },
    "node_modules/@imooc-night-dev/log": {
      "resolved": "../../utils/log",
      "link": true
    },
    "node_modules/@imooc-night-dev/package": {
      "resolved": "../../models/package",
      "link": true
    }
  },
  "dependencies": {
    "@imooc-night-dev/log": {
      "version": "file:../../utils/log"
    },
    "@imooc-night-dev/package": {
      "version": "file:../../models/package",
      "requires": {
        "@imooc-night-dev/get-npm-info": "file:../../utils/get-npm-info",
        "@imooc-night-dev/log": "file:../../utils/log",
        "@imooc-night-dev/utils": "file:../../utils/utils",
        "fs-extra": "^10.0.0",
        "npminstall": "^4.11.0",
        "path-exists": "4.0.0",
        "pkg-dir": "^4.2.0"
      }
    }
  }
}
